// !$*UTF8*$!
{
	archiveVersion = 1;
	classes = {
	};
	objectVersion = 46;
	objects = {

/* Begin PBXBuildFile section */
		AD6CF9671AF9EA3A00ABFE91 /* ReceiveBottleViewController.m in Sources */ = {isa = PBXBuildFile; fileRef = AD6CF9661AF9EA3A00ABFE91 /* ReceiveBottleViewController.m */; };
		AD7A00831B209AEC0068530E /* WaterTestPressureViewController.m in Sources */ = {isa = PBXBuildFile; fileRef = AD7A00821B209AEC0068530E /* WaterTestPressureViewController.m */; };
		AD7E991A1B11929600D7E488 /* NoneDestructiveViewController.m in Sources */ = {isa = PBXBuildFile; fileRef = AD7E99191B11929600D7E488 /* NoneDestructiveViewController.m */; };
		AD7E991D1B11974100D7E488 /* ExecuteGlobalDetectionGPViewController.m in Sources */ = {isa = PBXBuildFile; fileRef = AD7E991C1B11974100D7E488 /* ExecuteGlobalDetectionGPViewController.m */; };
		AD7E99201B119FB100D7E488 /* ExecuteGlobalDetectionCRViewController.m in Sources */ = {isa = PBXBuildFile; fileRef = AD7E991F1B119FB100D7E488 /* ExecuteGlobalDetectionCRViewController.m */; };
		AD7E99231B11BB1400D7E488 /* GlobalDectionGPViewController.m in Sources */ = {isa = PBXBuildFile; fileRef = AD7E99221B11BB1400D7E488 /* GlobalDectionGPViewController.m */; };
		AD7E99261B11D0FF00D7E488 /* GlobalDetectionCRViewController.m in Sources */ = {isa = PBXBuildFile; fileRef = AD7E99251B11D0FF00D7E488 /* GlobalDetectionCRViewController.m */; };
		AD8BFD1C1B032D8200D7D053 /* SearchViewController.m in Sources */ = {isa = PBXBuildFile; fileRef = AD8BFD1B1B032D8200D7D053 /* SearchViewController.m */; };
		AD8BFD231B03EE0C00D7D053 /* LaunchScreen.xib in Resources */ = {isa = PBXBuildFile; fileRef = AD8BFD1F1B03EE0C00D7D053 /* LaunchScreen.xib */; };
		AD8BFD241B03EE0C00D7D053 /* Main.storyboard in Resources */ = {isa = PBXBuildFile; fileRef = AD8BFD211B03EE0C00D7D053 /* Main.storyboard */; };
		AD8F22EE1B0FA2970067C653 /* ConfigurationViewController.m in Sources */ = {isa = PBXBuildFile; fileRef = AD8F22ED1B0FA2970067C653 /* ConfigurationViewController.m */; };
		ADA10C801B01F3A5009293E2 /* LoginViewController.m in Sources */ = {isa = PBXBuildFile; fileRef = ADA10C7F1B01F3A5009293E2 /* LoginViewController.m */; };
		ADA7C8B01B0B34510078B31A /* AllBottleCustomCell.m in Sources */ = {isa = PBXBuildFile; fileRef = ADA7C8AF1B0B34510078B31A /* AllBottleCustomCell.m */; };
		ADE34BDA1AF4E08D00232DCB /* main.m in Sources */ = {isa = PBXBuildFile; fileRef = ADE34BD91AF4E08D00232DCB /* main.m */; };
		ADE34BDD1AF4E08D00232DCB /* AppDelegate.m in Sources */ = {isa = PBXBuildFile; fileRef = ADE34BDC1AF4E08D00232DCB /* AppDelegate.m */; };
		ADE34BE01AF4E08D00232DCB /* ViewController.m in Sources */ = {isa = PBXBuildFile; fileRef = ADE34BDF1AF4E08D00232DCB /* ViewController.m */; };
		ADE34BE51AF4E08D00232DCB /* Images.xcassets in Resources */ = {isa = PBXBuildFile; fileRef = ADE34BE41AF4E08D00232DCB /* Images.xcassets */; };
		ADE34BF41AF4E08D00232DCB /* BottleDetection2Tests.m in Sources */ = {isa = PBXBuildFile; fileRef = ADE34BF31AF4E08D00232DCB /* BottleDetection2Tests.m */; };
		ADE34BFF1AF4E3D600232DCB /* MainViewController.m in Sources */ = {isa = PBXBuildFile; fileRef = ADE34BFE1AF4E3D600232DCB /* MainViewController.m */; };
		ADE34C021AF4F8CD00232DCB /* AllBottleSearchViewController.m in Sources */ = {isa = PBXBuildFile; fileRef = ADE34C011AF4F8CD00232DCB /* AllBottleSearchViewController.m */; };
		ADE34C051AF4FB5E00232DCB /* AddBottleViewController.m in Sources */ = {isa = PBXBuildFile; fileRef = ADE34C041AF4FB5E00232DCB /* AddBottleViewController.m */; };
		ADE5217B1B20B3C1001A37B7 /* ExecuteWaterTestPressureViewController.m in Sources */ = {isa = PBXBuildFile; fileRef = ADE5217A1B20B3C1001A37B7 /* ExecuteWaterTestPressureViewController.m */; };
		ADE9AEDD1B0B638F00135EAF /* Notes.json in Resources */ = {isa = PBXBuildFile; fileRef = ADE9AEDC1B0B638F00135EAF /* Notes.json */; };
		ADE9AEE31B0B767A00135EAF /* NSString+URLEncoding.m in Sources */ = {isa = PBXBuildFile; fileRef = ADE9AEE11B0B767A00135EAF /* NSString+URLEncoding.m */; };
		ADF33DE01B205D9100936497 /* GlobalDetectCell.m in Sources */ = {isa = PBXBuildFile; fileRef = ADF33DDF1B205D9100936497 /* GlobalDetectCell.m */; };
		ADF33DE31B20611100936497 /* ExecuteChubuPanduanController.m in Sources */ = {isa = PBXBuildFile; fileRef = ADF33DE21B20611100936497 /* ExecuteChubuPanduanController.m */; };
/* End PBXBuildFile section */

/* Begin PBXContainerItemProxy section */
		ADE34BEE1AF4E08D00232DCB /* PBXContainerItemProxy */ = {
			isa = PBXContainerItemProxy;
			containerPortal = ADE34BCC1AF4E08D00232DCB /* Project object */;
			proxyType = 1;
			remoteGlobalIDString = ADE34BD31AF4E08D00232DCB;
			remoteInfo = BottleDetection2;
		};
/* End PBXContainerItemProxy section */

/* Begin PBXFileReference section */
		AD6CF9651AF9EA3A00ABFE91 /* ReceiveBottleViewController.h */ = {isa = PBXFileReference; fileEncoding = 4; lastKnownFileType = sourcecode.c.h; path = ReceiveBottleViewController.h; sourceTree = "<group>"; };
		AD6CF9661AF9EA3A00ABFE91 /* ReceiveBottleViewController.m */ = {isa = PBXFileReference; fileEncoding = 4; lastKnownFileType = sourcecode.c.objc; path = ReceiveBottleViewController.m; sourceTree = "<group>"; };
		AD7A00811B209AEC0068530E /* WaterTestPressureViewController.h */ = {isa = PBXFileReference; fileEncoding = 4; lastKnownFileType = sourcecode.c.h; path = WaterTestPressureViewController.h; sourceTree = "<group>"; };
		AD7A00821B209AEC0068530E /* WaterTestPressureViewController.m */ = {isa = PBXFileReference; fileEncoding = 4; lastKnownFileType = sourcecode.c.objc; path = WaterTestPressureViewController.m; sourceTree = "<group>"; };
		AD7E99181B11929600D7E488 /* NoneDestructiveViewController.h */ = {isa = PBXFileReference; fileEncoding = 4; lastKnownFileType = sourcecode.c.h; path = NoneDestructiveViewController.h; sourceTree = "<group>"; };
		AD7E99191B11929600D7E488 /* NoneDestructiveViewController.m */ = {isa = PBXFileReference; fileEncoding = 4; lastKnownFileType = sourcecode.c.objc; path = NoneDestructiveViewController.m; sourceTree = "<group>"; };
		AD7E991B1B11974100D7E488 /* ExecuteGlobalDetectionGPViewController.h */ = {isa = PBXFileReference; fileEncoding = 4; lastKnownFileType = sourcecode.c.h; path = ExecuteGlobalDetectionGPViewController.h; sourceTree = "<group>"; };
		AD7E991C1B11974100D7E488 /* ExecuteGlobalDetectionGPViewController.m */ = {isa = PBXFileReference; fileEncoding = 4; lastKnownFileType = sourcecode.c.objc; path = ExecuteGlobalDetectionGPViewController.m; sourceTree = "<group>"; };
		AD7E991E1B119FB100D7E488 /* ExecuteGlobalDetectionCRViewController.h */ = {isa = PBXFileReference; fileEncoding = 4; lastKnownFileType = sourcecode.c.h; path = ExecuteGlobalDetectionCRViewController.h; sourceTree = "<group>"; };
		AD7E991F1B119FB100D7E488 /* ExecuteGlobalDetectionCRViewController.m */ = {isa = PBXFileReference; fileEncoding = 4; lastKnownFileType = sourcecode.c.objc; path = ExecuteGlobalDetectionCRViewController.m; sourceTree = "<group>"; };
		AD7E99211B11BB1400D7E488 /* GlobalDectionGPViewController.h */ = {isa = PBXFileReference; fileEncoding = 4; lastKnownFileType = sourcecode.c.h; path = GlobalDectionGPViewController.h; sourceTree = "<group>"; };
		AD7E99221B11BB1400D7E488 /* GlobalDectionGPViewController.m */ = {isa = PBXFileReference; fileEncoding = 4; lastKnownFileType = sourcecode.c.objc; path = GlobalDectionGPViewController.m; sourceTree = "<group>"; };
		AD7E99241B11D0FF00D7E488 /* GlobalDetectionCRViewController.h */ = {isa = PBXFileReference; fileEncoding = 4; lastKnownFileType = sourcecode.c.h; path = GlobalDetectionCRViewController.h; sourceTree = "<group>"; };
		AD7E99251B11D0FF00D7E488 /* GlobalDetectionCRViewController.m */ = {isa = PBXFileReference; fileEncoding = 4; lastKnownFileType = sourcecode.c.objc; path = GlobalDetectionCRViewController.m; sourceTree = "<group>"; };
		AD8BFD1A1B032D8200D7D053 /* SearchViewController.h */ = {isa = PBXFileReference; fileEncoding = 4; lastKnownFileType = sourcecode.c.h; path = SearchViewController.h; sourceTree = "<group>"; };
		AD8BFD1B1B032D8200D7D053 /* SearchViewController.m */ = {isa = PBXFileReference; fileEncoding = 4; lastKnownFileType = sourcecode.c.objc; path = SearchViewController.m; sourceTree = "<group>"; };
		AD8BFD201B03EE0C00D7D053 /* Base */ = {isa = PBXFileReference; lastKnownFileType = file.xib; name = Base; path = Base.lproj/LaunchScreen.xib; sourceTree = "<group>"; };
		AD8BFD221B03EE0C00D7D053 /* Base */ = {isa = PBXFileReference; lastKnownFileType = file.storyboard; name = Base; path = Base.lproj/Main.storyboard; sourceTree = "<group>"; };
		AD8F22EC1B0FA2970067C653 /* ConfigurationViewController.h */ = {isa = PBXFileReference; fileEncoding = 4; lastKnownFileType = sourcecode.c.h; path = ConfigurationViewController.h; sourceTree = "<group>"; };
		AD8F22ED1B0FA2970067C653 /* ConfigurationViewController.m */ = {isa = PBXFileReference; fileEncoding = 4; lastKnownFileType = sourcecode.c.objc; path = ConfigurationViewController.m; sourceTree = "<group>"; };
		ADA10C7E1B01F3A5009293E2 /* LoginViewController.h */ = {isa = PBXFileReference; fileEncoding = 4; lastKnownFileType = sourcecode.c.h; path = LoginViewController.h; sourceTree = "<group>"; };
		ADA10C7F1B01F3A5009293E2 /* LoginViewController.m */ = {isa = PBXFileReference; fileEncoding = 4; lastKnownFileType = sourcecode.c.objc; path = LoginViewController.m; sourceTree = "<group>"; };
		ADA7C8AE1B0B34510078B31A /* AllBottleCustomCell.h */ = {isa = PBXFileReference; fileEncoding = 4; lastKnownFileType = sourcecode.c.h; path = AllBottleCustomCell.h; sourceTree = "<group>"; };
		ADA7C8AF1B0B34510078B31A /* AllBottleCustomCell.m */ = {isa = PBXFileReference; fileEncoding = 4; lastKnownFileType = sourcecode.c.objc; path = AllBottleCustomCell.m; sourceTree = "<group>"; };
		ADE34BD41AF4E08D00232DCB /* BottleDetection2.app */ = {isa = PBXFileReference; explicitFileType = wrapper.application; includeInIndex = 0; path = BottleDetection2.app; sourceTree = BUILT_PRODUCTS_DIR; };
		ADE34BD81AF4E08D00232DCB /* Info.plist */ = {isa = PBXFileReference; lastKnownFileType = text.plist.xml; path = Info.plist; sourceTree = "<group>"; };
		ADE34BD91AF4E08D00232DCB /* main.m */ = {isa = PBXFileReference; lastKnownFileType = sourcecode.c.objc; path = main.m; sourceTree = "<group>"; };
		ADE34BDB1AF4E08D00232DCB /* AppDelegate.h */ = {isa = PBXFileReference; lastKnownFileType = sourcecode.c.h; path = AppDelegate.h; sourceTree = "<group>"; };
		ADE34BDC1AF4E08D00232DCB /* AppDelegate.m */ = {isa = PBXFileReference; lastKnownFileType = sourcecode.c.objc; path = AppDelegate.m; sourceTree = "<group>"; };
		ADE34BDE1AF4E08D00232DCB /* ViewController.h */ = {isa = PBXFileReference; lastKnownFileType = sourcecode.c.h; path = ViewController.h; sourceTree = "<group>"; };
		ADE34BDF1AF4E08D00232DCB /* ViewController.m */ = {isa = PBXFileReference; lastKnownFileType = sourcecode.c.objc; path = ViewController.m; sourceTree = "<group>"; };
		ADE34BE41AF4E08D00232DCB /* Images.xcassets */ = {isa = PBXFileReference; lastKnownFileType = folder.assetcatalog; path = Images.xcassets; sourceTree = "<group>"; };
		ADE34BED1AF4E08D00232DCB /* BottleDetection2Tests.xctest */ = {isa = PBXFileReference; explicitFileType = wrapper.cfbundle; includeInIndex = 0; path = BottleDetection2Tests.xctest; sourceTree = BUILT_PRODUCTS_DIR; };
		ADE34BF21AF4E08D00232DCB /* Info.plist */ = {isa = PBXFileReference; lastKnownFileType = text.plist.xml; path = Info.plist; sourceTree = "<group>"; };
		ADE34BF31AF4E08D00232DCB /* BottleDetection2Tests.m */ = {isa = PBXFileReference; lastKnownFileType = sourcecode.c.objc; path = BottleDetection2Tests.m; sourceTree = "<group>"; };
		ADE34BFD1AF4E3D600232DCB /* MainViewController.h */ = {isa = PBXFileReference; fileEncoding = 4; lastKnownFileType = sourcecode.c.h; path = MainViewController.h; sourceTree = "<group>"; };
		ADE34BFE1AF4E3D600232DCB /* MainViewController.m */ = {isa = PBXFileReference; fileEncoding = 4; lastKnownFileType = sourcecode.c.objc; path = MainViewController.m; sourceTree = "<group>"; };
		ADE34C001AF4F8CD00232DCB /* AllBottleSearchViewController.h */ = {isa = PBXFileReference; fileEncoding = 4; lastKnownFileType = sourcecode.c.h; path = AllBottleSearchViewController.h; sourceTree = "<group>"; };
		ADE34C011AF4F8CD00232DCB /* AllBottleSearchViewController.m */ = {isa = PBXFileReference; fileEncoding = 4; lastKnownFileType = sourcecode.c.objc; path = AllBottleSearchViewController.m; sourceTree = "<group>"; };
		ADE34C031AF4FB5E00232DCB /* AddBottleViewController.h */ = {isa = PBXFileReference; fileEncoding = 4; lastKnownFileType = sourcecode.c.h; path = AddBottleViewController.h; sourceTree = "<group>"; };
		ADE34C041AF4FB5E00232DCB /* AddBottleViewController.m */ = {isa = PBXFileReference; fileEncoding = 4; lastKnownFileType = sourcecode.c.objc; path = AddBottleViewController.m; sourceTree = "<group>"; };
		ADE521791B20B3C1001A37B7 /* ExecuteWaterTestPressureViewController.h */ = {isa = PBXFileReference; fileEncoding = 4; lastKnownFileType = sourcecode.c.h; path = ExecuteWaterTestPressureViewController.h; sourceTree = "<group>"; };
		ADE5217A1B20B3C1001A37B7 /* ExecuteWaterTestPressureViewController.m */ = {isa = PBXFileReference; fileEncoding = 4; lastKnownFileType = sourcecode.c.objc; path = ExecuteWaterTestPressureViewController.m; sourceTree = "<group>"; };
		ADE9AEDC1B0B638F00135EAF /* Notes.json */ = {isa = PBXFileReference; fileEncoding = 4; lastKnownFileType = text.json; path = Notes.json; sourceTree = "<group>"; };
		ADE9AEE01B0B767A00135EAF /* NSString+URLEncoding.h */ = {isa = PBXFileReference; fileEncoding = 4; lastKnownFileType = sourcecode.c.h; path = "NSString+URLEncoding.h"; sourceTree = "<group>"; };
		ADE9AEE11B0B767A00135EAF /* NSString+URLEncoding.m */ = {isa = PBXFileReference; fileEncoding = 4; lastKnownFileType = sourcecode.c.objc; path = "NSString+URLEncoding.m"; sourceTree = "<group>"; };
		ADF33DDE1B205D9100936497 /* GlobalDetectCell.h */ = {isa = PBXFileReference; fileEncoding = 4; lastKnownFileType = sourcecode.c.h; path = GlobalDetectCell.h; sourceTree = "<group>"; };
		ADF33DDF1B205D9100936497 /* GlobalDetectCell.m */ = {isa = PBXFileReference; fileEncoding = 4; lastKnownFileType = sourcecode.c.objc; path = GlobalDetectCell.m; sourceTree = "<group>"; };
		ADF33DE11B20611100936497 /* ExecuteChubuPanduanController.h */ = {isa = PBXFileReference; fileEncoding = 4; lastKnownFileType = sourcecode.c.h; path = ExecuteChubuPanduanController.h; sourceTree = "<group>"; };
		ADF33DE21B20611100936497 /* ExecuteChubuPanduanController.m */ = {isa = PBXFileReference; fileEncoding = 4; lastKnownFileType = sourcecode.c.objc; path = ExecuteChubuPanduanController.m; sourceTree = "<group>"; };
/* End PBXFileReference section */

/* Begin PBXFrameworksBuildPhase section */
		ADE34BD11AF4E08D00232DCB /* Frameworks */ = {
			isa = PBXFrameworksBuildPhase;
			buildActionMask = 2147483647;
			files = (
			);
			runOnlyForDeploymentPostprocessing = 0;
		};
		ADE34BEA1AF4E08D00232DCB /* Frameworks */ = {
			isa = PBXFrameworksBuildPhase;
			buildActionMask = 2147483647;
			files = (
			);
			runOnlyForDeploymentPostprocessing = 0;
		};
/* End PBXFrameworksBuildPhase section */

/* Begin PBXGroup section */
		ADE34BCB1AF4E08D00232DCB = {
			isa = PBXGroup;
			children = (
				ADE9AEDC1B0B638F00135EAF /* Notes.json */,
				ADE34BD61AF4E08D00232DCB /* BottleDetection2 */,
				ADE34BF01AF4E08D00232DCB /* BottleDetection2Tests */,
				ADE34BD51AF4E08D00232DCB /* Products */,
			);
			sourceTree = "<group>";
		};
		ADE34BD51AF4E08D00232DCB /* Products */ = {
			isa = PBXGroup;
			children = (
				ADE34BD41AF4E08D00232DCB /* BottleDetection2.app */,
				ADE34BED1AF4E08D00232DCB /* BottleDetection2Tests.xctest */,
			);
			name = Products;
			sourceTree = "<group>";
		};
		ADE34BD61AF4E08D00232DCB /* BottleDetection2 */ = {
			isa = PBXGroup;
			children = (
				ADF33DE11B20611100936497 /* ExecuteChubuPanduanController.h */,
				ADF33DE21B20611100936497 /* ExecuteChubuPanduanController.m */,
				AD7E99181B11929600D7E488 /* NoneDestructiveViewController.h */,
				AD7E99191B11929600D7E488 /* NoneDestructiveViewController.m */,
				ADE9AEE01B0B767A00135EAF /* NSString+URLEncoding.h */,
				ADE9AEE11B0B767A00135EAF /* NSString+URLEncoding.m */,
				ADE34BDB1AF4E08D00232DCB /* AppDelegate.h */,
				ADE34BDC1AF4E08D00232DCB /* AppDelegate.m */,
				ADE34BDE1AF4E08D00232DCB /* ViewController.h */,
				ADE34BDF1AF4E08D00232DCB /* ViewController.m */,
				AD8BFD211B03EE0C00D7D053 /* Main.storyboard */,
				AD7A00811B209AEC0068530E /* WaterTestPressureViewController.h */,
				AD7A00821B209AEC0068530E /* WaterTestPressureViewController.m */,
				ADE521791B20B3C1001A37B7 /* ExecuteWaterTestPressureViewController.h */,
				ADE5217A1B20B3C1001A37B7 /* ExecuteWaterTestPressureViewController.m */,
				ADF33DDE1B205D9100936497 /* GlobalDetectCell.h */,
				ADF33DDF1B205D9100936497 /* GlobalDetectCell.m */,
				AD6CF9651AF9EA3A00ABFE91 /* ReceiveBottleViewController.h */,
				AD6CF9661AF9EA3A00ABFE91 /* ReceiveBottleViewController.m */,
				AD7E99211B11BB1400D7E488 /* GlobalDectionGPViewController.h */,
				AD7E99221B11BB1400D7E488 /* GlobalDectionGPViewController.m */,
				AD7E991B1B11974100D7E488 /* ExecuteGlobalDetectionGPViewController.h */,
				AD7E991C1B11974100D7E488 /* ExecuteGlobalDetectionGPViewController.m */,
				AD7E99241B11D0FF00D7E488 /* GlobalDetectionCRViewController.h */,
				AD7E99251B11D0FF00D7E488 /* GlobalDetectionCRViewController.m */,
				AD7E991E1B119FB100D7E488 /* ExecuteGlobalDetectionCRViewController.h */,
				AD7E991F1B119FB100D7E488 /* ExecuteGlobalDetectionCRViewController.m */,
				AD8F22EC1B0FA2970067C653 /* ConfigurationViewController.h */,
				AD8F22ED1B0FA2970067C653 /* ConfigurationViewController.m */,
				ADA10C7E1B01F3A5009293E2 /* LoginViewController.h */,
				ADA10C7F1B01F3A5009293E2 /* LoginViewController.m */,
				ADE34BFD1AF4E3D600232DCB /* MainViewController.h */,
				ADE34BFE1AF4E3D600232DCB /* MainViewController.m */,
				ADE34C001AF4F8CD00232DCB /* AllBottleSearchViewController.h */,
				ADE34C011AF4F8CD00232DCB /* AllBottleSearchViewController.m */,
				ADA7C8AE1B0B34510078B31A /* AllBottleCustomCell.h */,
				ADA7C8AF1B0B34510078B31A /* AllBottleCustomCell.m */,
				AD8BFD1A1B032D8200D7D053 /* SearchViewController.h */,
				AD8BFD1B1B032D8200D7D053 /* SearchViewController.m */,
				ADE34C031AF4FB5E00232DCB /* AddBottleViewController.h */,
				ADE34C041AF4FB5E00232DCB /* AddBottleViewController.m */,
				ADE34BE41AF4E08D00232DCB /* Images.xcassets */,
				AD8BFD1F1B03EE0C00D7D053 /* LaunchScreen.xib */,
				ADE34BD71AF4E08D00232DCB /* Supporting Files */,
			);
			path = BottleDetection2;
			sourceTree = "<group>";
		};
		ADE34BD71AF4E08D00232DCB /* Supporting Files */ = {
			isa = PBXGroup;
			children = (
				ADE34BD81AF4E08D00232DCB /* Info.plist */,
				ADE34BD91AF4E08D00232DCB /* main.m */,
			);
			name = "Supporting Files";
			sourceTree = "<group>";
		};
		ADE34BF01AF4E08D00232DCB /* BottleDetection2Tests */ = {
			isa = PBXGroup;
			children = (
				ADE34BF31AF4E08D00232DCB /* BottleDetection2Tests.m */,
				ADE34BF11AF4E08D00232DCB /* Supporting Files */,
			);
			path = BottleDetection2Tests;
			sourceTree = "<group>";
		};
		ADE34BF11AF4E08D00232DCB /* Supporting Files */ = {
			isa = PBXGroup;
			children = (
				ADE34BF21AF4E08D00232DCB /* Info.plist */,
			);
			name = "Supporting Files";
			sourceTree = "<group>";
		};
/* End PBXGroup section */

/* Begin PBXNativeTarget section */
		ADE34BD31AF4E08D00232DCB /* BottleDetection2 */ = {
			isa = PBXNativeTarget;
			buildConfigurationList = ADE34BF71AF4E08D00232DCB /* Build configuration list for PBXNativeTarget "BottleDetection2" */;
			buildPhases = (
				ADE34BD01AF4E08D00232DCB /* Sources */,
				ADE34BD11AF4E08D00232DCB /* Frameworks */,
				ADE34BD21AF4E08D00232DCB /* Resources */,
			);
			buildRules = (
			);
			dependencies = (
			);
			name = BottleDetection2;
			productName = BottleDetection2;
			productReference = ADE34BD41AF4E08D00232DCB /* BottleDetection2.app */;
			productType = "com.apple.product-type.application";
		};
		ADE34BEC1AF4E08D00232DCB /* BottleDetection2Tests */ = {
			isa = PBXNativeTarget;
			buildConfigurationList = ADE34BFA1AF4E08D00232DCB /* Build configuration list for PBXNativeTarget "BottleDetection2Tests" */;
			buildPhases = (
				ADE34BE91AF4E08D00232DCB /* Sources */,
				ADE34BEA1AF4E08D00232DCB /* Frameworks */,
				ADE34BEB1AF4E08D00232DCB /* Resources */,
			);
			buildRules = (
			);
			dependencies = (
				ADE34BEF1AF4E08D00232DCB /* PBXTargetDependency */,
			);
			name = BottleDetection2Tests;
			productName = BottleDetection2Tests;
			productReference = ADE34BED1AF4E08D00232DCB /* BottleDetection2Tests.xctest */;
			productType = "com.apple.product-type.bundle.unit-test";
		};
/* End PBXNativeTarget section */

/* Begin PBXProject section */
		ADE34BCC1AF4E08D00232DCB /* Project object */ = {
			isa = PBXProject;
			attributes = {
				LastUpgradeCheck = 0630;
				ORGANIZATIONNAME = "Li Yuening";
				TargetAttributes = {
					ADE34BD31AF4E08D00232DCB = {
						CreatedOnToolsVersion = 6.3.1;
					};
					ADE34BEC1AF4E08D00232DCB = {
						CreatedOnToolsVersion = 6.3.1;
						TestTargetID = ADE34BD31AF4E08D00232DCB;
					};
				};
			};
			buildConfigurationList = ADE34BCF1AF4E08D00232DCB /* Build configuration list for PBXProject "BottleDetection2" */;
			compatibilityVersion = "Xcode 3.2";
			developmentRegion = English;
			hasScannedForEncodings = 0;
			knownRegions = (
				en,
				Base,
			);
			mainGroup = ADE34BCB1AF4E08D00232DCB;
			productRefGroup = ADE34BD51AF4E08D00232DCB /* Products */;
			projectDirPath = "";
			projectRoot = "";
			targets = (
				ADE34BD31AF4E08D00232DCB /* BottleDetection2 */,
				ADE34BEC1AF4E08D00232DCB /* BottleDetection2Tests */,
			);
		};
/* End PBXProject section */

/* Begin PBXResourcesBuildPhase section */
		ADE34BD21AF4E08D00232DCB /* Resources */ = {
			isa = PBXResourcesBuildPhase;
			buildActionMask = 2147483647;
			files = (
				AD8BFD231B03EE0C00D7D053 /* LaunchScreen.xib in Resources */,
				AD8BFD241B03EE0C00D7D053 /* Main.storyboard in Resources */,
				ADE34BE51AF4E08D00232DCB /* Images.xcassets in Resources */,
				ADE9AEDD1B0B638F00135EAF /* Notes.json in Resources */,
			);
			runOnlyForDeploymentPostprocessing = 0;
		};
		ADE34BEB1AF4E08D00232DCB /* Resources */ = {
			isa = PBXResourcesBuildPhase;
			buildActionMask = 2147483647;
			files = (
			);
			runOnlyForDeploymentPostprocessing = 0;
		};
/* End PBXResourcesBuildPhase section */

/* Begin PBXSourcesBuildPhase section */
		ADE34BD01AF4E08D00232DCB /* Sources */ = {
			isa = PBXSourcesBuildPhase;
			buildActionMask = 2147483647;
			files = (
				ADA10C801B01F3A5009293E2 /* LoginViewController.m in Sources */,
				ADE34C051AF4FB5E00232DCB /* AddBottleViewController.m in Sources */,
				ADF33DE31B20611100936497 /* ExecuteChubuPanduanController.m in Sources */,
				AD7E99201B119FB100D7E488 /* ExecuteGlobalDetectionCRViewController.m in Sources */,
				AD8F22EE1B0FA2970067C653 /* ConfigurationViewController.m in Sources */,
				AD7E99231B11BB1400D7E488 /* GlobalDectionGPViewController.m in Sources */,
				ADE34BE01AF4E08D00232DCB /* ViewController.m in Sources */,
				ADE34BDD1AF4E08D00232DCB /* AppDelegate.m in Sources */,
				ADE5217B1B20B3C1001A37B7 /* ExecuteWaterTestPressureViewController.m in Sources */,
				ADA7C8B01B0B34510078B31A /* AllBottleCustomCell.m in Sources */,
				ADF33DE01B205D9100936497 /* GlobalDetectCell.m in Sources */,
				AD8BFD1C1B032D8200D7D053 /* SearchViewController.m in Sources */,
				ADE9AEE31B0B767A00135EAF /* NSString+URLEncoding.m in Sources */,
				ADE34BDA1AF4E08D00232DCB /* main.m in Sources */,
				AD7E991A1B11929600D7E488 /* NoneDestructiveViewController.m in Sources */,
				AD7E99261B11D0FF00D7E488 /* GlobalDetectionCRViewController.m in Sources */,
				AD7E991D1B11974100D7E488 /* ExecuteGlobalDetectionGPViewController.m in Sources */,
				ADE34C021AF4F8CD00232DCB /* AllBottleSearchViewController.m in Sources */,
				AD7A00831B209AEC0068530E /* WaterTestPressureViewController.m in Sources */,
				ADE34BFF1AF4E3D600232DCB /* MainViewController.m in Sources */,
				AD6CF9671AF9EA3A00ABFE91 /* ReceiveBottleViewController.m in Sources */,
			);
			runOnlyForDeploymentPostprocessing = 0;
		};
		ADE34BE91AF4E08D00232DCB /* Sources */ = {
			isa = PBXSourcesBuildPhase;
			buildActionMask = 2147483647;
			files = (
				ADE34BF41AF4E08D00232DCB /* BottleDetection2Tests.m in Sources */,
			);
			runOnlyForDeploymentPostprocessing = 0;
		};
/* End PBXSourcesBuildPhase section */

/* Begin PBXTargetDependency section */
		ADE34BEF1AF4E08D00232DCB /* PBXTargetDependency */ = {
			isa = PBXTargetDependency;
			target = ADE34BD31AF4E08D00232DCB /* BottleDetection2 */;
			targetProxy = ADE34BEE1AF4E08D00232DCB /* PBXContainerItemProxy */;
		};
/* End PBXTargetDependency section */

/* Begin PBXVariantGroup section */
		AD8BFD1F1B03EE0C00D7D053 /* LaunchScreen.xib */ = {
			isa = PBXVariantGroup;
			children = (
				AD8BFD201B03EE0C00D7D053 /* Base */,
			);
			name = LaunchScreen.xib;
			sourceTree = "<group>";
		};
		AD8BFD211B03EE0C00D7D053 /* Main.storyboard */ = {
			isa = PBXVariantGroup;
			children = (
				AD8BFD221B03EE0C00D7D053 /* Base */,
			);
			name = Main.storyboard;
			sourceTree = "<group>";
		};
/* End PBXVariantGroup section */

/* Begin XCBuildConfiguration section */
		ADE34BF51AF4E08D00232DCB /* Debug */ = {
			isa = XCBuildConfiguration;
			buildSettings = {
				ALWAYS_SEARCH_USER_PATHS = NO;
				CLANG_CXX_LANGUAGE_STANDARD = "gnu++0x";
				CLANG_CXX_LIBRARY = "libc++";
				CLANG_ENABLE_MODULES = YES;
				CLANG_ENABLE_OBJC_ARC = YES;
				CLANG_WARN_BOOL_CONVERSION = YES;
				CLANG_WARN_CONSTANT_CONVERSION = YES;
				CLANG_WARN_DIRECT_OBJC_ISA_USAGE = YES_ERROR;
				CLANG_WARN_EMPTY_BODY = YES;
				CLANG_WARN_ENUM_CONVERSION = YES;
				CLANG_WARN_INT_CONVERSION = YES;
				CLANG_WARN_OBJC_ROOT_CLASS = YES_ERROR;
				CLANG_WARN_UNREACHABLE_CODE = YES;
				CLANG_WARN__DUPLICATE_METHOD_MATCH = YES;
				"CODE_SIGN_IDENTITY[sdk=iphoneos*]" = "iPhone Developer";
				COPY_PHASE_STRIP = NO;
				DEBUG_INFORMATION_FORMAT = "dwarf-with-dsym";
				ENABLE_STRICT_OBJC_MSGSEND = YES;
				GCC_C_LANGUAGE_STANDARD = gnu99;
				GCC_DYNAMIC_NO_PIC = NO;
				GCC_NO_COMMON_BLOCKS = YES;
				GCC_OPTIMIZATION_LEVEL = 0;
				GCC_PREPROCESSOR_DEFINITIONS = (
					"DEBUG=1",
					"$(inherited)",
				);
				GCC_SYMBOLS_PRIVATE_EXTERN = NO;
				GCC_WARN_64_TO_32_BIT_CONVERSION = YES;
				GCC_WARN_ABOUT_RETURN_TYPE = YES_ERROR;
				GCC_WARN_UNDECLARED_SELECTOR = YES;
				GCC_WARN_UNINITIALIZED_AUTOS = YES_AGGRESSIVE;
				GCC_WARN_UNUSED_FUNCTION = YES;
				GCC_WARN_UNUSED_VARIABLE = YES;
				IPHONEOS_DEPLOYMENT_TARGET = 8.3;
				MTL_ENABLE_DEBUG_INFO = YES;
				ONLY_ACTIVE_ARCH = YES;
				SDKROOT = iphoneos;
			};
			name = Debug;
		};
		ADE34BF61AF4E08D00232DCB /* Release */ = {
			isa = XCBuildConfiguration;
			buildSettings = {
				ALWAYS_SEARCH_USER_PATHS = NO;
				CLANG_CXX_LANGUAGE_STANDARD = "gnu++0x";
				CLANG_CXX_LIBRARY = "libc++";
				CLANG_ENABLE_MODULES = YES;
				CLANG_ENABLE_OBJC_ARC = YES;
				CLANG_WARN_BOOL_CONVERSION = YES;
				CLANG_WARN_CONSTANT_CONVERSION = YES;
				CLANG_WARN_DIRECT_OBJC_ISA_USAGE = YES_ERROR;
				CLANG_WARN_EMPTY_BODY = YES;
				CLANG_WARN_ENUM_CONVERSION = YES;
				CLANG_WARN_INT_CONVERSION = YES;
				CLANG_WARN_OBJC_ROOT_CLASS = YES_ERROR;
				CLANG_WARN_UNREACHABLE_CODE = YES;
				CLANG_WARN__DUPLICATE_METHOD_MATCH = YES;
				"CODE_SIGN_IDENTITY[sdk=iphoneos*]" = "iPhone Developer";
				COPY_PHASE_STRIP = NO;
				DEBUG_INFORMATION_FORMAT = "dwarf-with-dsym";
				ENABLE_NS_ASSERTIONS = NO;
				ENABLE_STRICT_OBJC_MSGSEND = YES;
				GCC_C_LANGUAGE_STANDARD = gnu99;
				GCC_NO_COMMON_BLOCKS = YES;
				GCC_WARN_64_TO_32_BIT_CONVERSION = YES;
				GCC_WARN_ABOUT_RETURN_TYPE = YES_ERROR;
				GCC_WARN_UNDECLARED_SELECTOR = YES;
				GCC_WARN_UNINITIALIZED_AUTOS = YES_AGGRESSIVE;
				GCC_WARN_UNUSED_FUNCTION = YES;
				GCC_WARN_UNUSED_VARIABLE = YES;
				IPHONEOS_DEPLOYMENT_TARGET = 8.3;
				MTL_ENABLE_DEBUG_INFO = NO;
				SDKROOT = iphoneos;
				VALIDATE_PRODUCT = YES;
			};
			name = Release;
		};
		ADE34BF81AF4E08D00232DCB /* Debug */ = {
			isa = XCBuildConfiguration;
			buildSettings = {
				ASSETCATALOG_COMPILER_APPICON_NAME = AppIcon;
				CODE_SIGN_IDENTITY = "iPhone Developer: Wei Feng Hou (5S9CUXNU3G)";
				INFOPLIST_FILE = BottleDetection2/Info.plist;
				LD_RUNPATH_SEARCH_PATHS = "$(inherited) @executable_path/Frameworks";
				PRODUCT_NAME = "$(TARGET_NAME)";
			};
			name = Debug;
		};
		ADE34BF91AF4E08D00232DCB /* Release */ = {
			isa = XCBuildConfiguration;
			buildSettings = {
				ASSETCATALOG_COMPILER_APPICON_NAME = AppIcon;
				CODE_SIGN_IDENTITY = "iPhone Developer: Wei Feng Hou (5S9CUXNU3G)";
				INFOPLIST_FILE = BottleDetection2/Info.plist;
				LD_RUNPATH_SEARCH_PATHS = "$(inherited) @executable_path/Frameworks";
				PRODUCT_NAME = "$(TARGET_NAME)";
			};
			name = Release;
		};
		ADE34BFB1AF4E08D00232DCB /* Debug */ = {
			isa = XCBuildConfiguration;
			buildSettings = {
				BUNDLE_LOADER = "$(TEST_HOST)";
				FRAMEWORK_SEARCH_PATHS = (
					"$(SDKROOT)/Developer/Library/Frameworks",
					"$(inherited)",
				);
				GCC_PREPROCESSOR_DEFINITIONS = (
					"DEBUG=1",
					"$(inherited)",
				);
				INFOPLIST_FILE = BottleDetection2Tests/Info.plist;
				LD_RUNPATH_SEARCH_PATHS = "$(inherited) @executable_path/Frameworks @loader_path/Frameworks";
				PRODUCT_NAME = "$(TARGET_NAME)";
				TEST_HOST = "$(BUILT_PRODUCTS_DIR)/BottleDetection2.app/BottleDetection2";
			};
			name = Debug;
		};
		ADE34BFC1AF4E08D00232DCB /* Release */ = {
			isa = XCBuildConfiguration;
			buildSettings = {
				BUNDLE_LOADER = "$(TEST_HOST)";
				FRAMEWORK_SEARCH_PATHS = (
					"$(SDKROOT)/Developer/Library/Frameworks",
					"$(inherited)",
				);
				INFOPLIST_FILE = BottleDetection2Tests/Info.plist;
				LD_RUNPATH_SEARCH_PATHS = "$(inherited) @executable_path/Frameworks @loader_path/Frameworks";
				PRODUCT_NAME = "$(TARGET_NAME)";
				TEST_HOST = "$(BUILT_PRODUCTS_DIR)/BottleDetection2.app/BottleDetection2";
			};
			name = Release;
		};
/* End XCBuildConfiguration section */

/* Begin XCConfigurationList section */
		ADE34BCF1AF4E08D00232DCB /* Build configuration list for PBXProject "BottleDetection2" */ = {
			isa = XCConfigurationList;
			buildConfigurations = (
				ADE34BF51AF4E08D00232DCB /* Debug */,
				ADE34BF61AF4E08D00232DCB /* Release */,
			);
			defaultConfigurationIsVisible = 0;
			defaultConfigurationName = Release;
		};
		ADE34BF71AF4E08D00232DCB /* Build configuration list for PBXNativeTarget "BottleDetection2" */ = {
			isa = XCConfigurationList;
			buildConfigurations = (
				ADE34BF81AF4E08D00232DCB /* Debug */,
				ADE34BF91AF4E08D00232DCB /* Release */,
			);
			defaultConfigurationIsVisible = 0;
			defaultConfigurationName = Release;
		};
		ADE34BFA1AF4E08D00232DCB /* Build configuration list for PBXNativeTarget "BottleDetection2Tests" */ = {
			isa = XCConfigurationList;
			buildConfigurations = (
				ADE34BFB1AF4E08D00232DCB /* Debug */,
				ADE34BFC1AF4E08D00232DCB /* Release */,
			);
			defaultConfigurationIsVisible = 0;
			defaultConfigurationName = Release;
		};
/* End XCConfigurationList section */
	};
	rootObject = ADE34BCC1AF4E08D00232DCB /* Project object */;
}
